
Microsoft Visual Studio Solution File, Format Version 12.00
Project("{FAE04EC0-301F-11D3-BF4B-00C04F79EFBC}") = "recursion_CPC", "recursion_CPC\recursion_CPC.csproj", "{38D23D97-060F-48F1-A09A-3D9A367CC026}"
EndProject
Global
	GlobalSection(SolutionConfigurationPlatforms) = preSolution
		Debug|Any CPU = Debug|Any CPU
		Release|Any CPU = Release|Any CPU
	EndGlobalSection
	GlobalSection(ProjectConfigurationPlatforms) = postSolution
		{38D23D97-060F-48F1-A09A-3D9A367CC026}.Debug|Any CPU.ActiveCfg = Debug|Any CPU
		{38D23D97-060F-48F1-A09A-3D9A367CC026}.Debug|Any CPU.Build.0 = Debug|Any CPU
		{38D23D97-060F-48F1-A09A-3D9A367CC026}.Release|Any CPU.ActiveCfg = Release|Any CPU
		{38D23D97-060F-48F1-A09A-3D9A367CC026}.Release|Any CPU.Build.0 = Release|Any CPU
	EndGlobalSection
EndGlobal
