
Microsoft Visual Studio Solution File, Format Version 12.00
Project("{FAE04EC0-301F-11D3-BF4B-00C04F79EFBC}") = "arrays2", "arrays2\arrays2.csproj", "{68BDFD14-F76F-45B7-AEF2-03D7E996867B}"
EndProject
Global
	GlobalSection(SolutionConfigurationPlatforms) = preSolution
		Debug|Any CPU = Debug|Any CPU
		Release|Any CPU = Release|Any CPU
	EndGlobalSection
	GlobalSection(ProjectConfigurationPlatforms) = postSolution
		{68BDFD14-F76F-45B7-AEF2-03D7E996867B}.Debug|Any CPU.ActiveCfg = Debug|Any CPU
		{68BDFD14-F76F-45B7-AEF2-03D7E996867B}.Debug|Any CPU.Build.0 = Debug|Any CPU
		{68BDFD14-F76F-45B7-AEF2-03D7E996867B}.Release|Any CPU.ActiveCfg = Release|Any CPU
		{68BDFD14-F76F-45B7-AEF2-03D7E996867B}.Release|Any CPU.Build.0 = Release|Any CPU
	EndGlobalSection
EndGlobal
